
Microsoft Visual Studio Solution File, Format Version 12.00
Project("{FAE04EC0-301F-11D3-BF4B-00C04F79EFBC}") = "ProductsAPI", "ProductsAPI\ProductsAPI.csproj", "{5389824C-EEEC-40E0-AAF6-ACD6BED7FC1F}"
EndProject
Global
	GlobalSection(SolutionConfigurationPlatforms) = preSolution
		Debug|Any CPU = Debug|Any CPU
		Release|Any CPU = Release|Any CPU
	EndGlobalSection
	GlobalSection(ProjectConfigurationPlatforms) = postSolution
		{5389824C-EEEC-40E0-AAF6-ACD6BED7FC1F}.Debug|Any CPU.ActiveCfg = Debug|Any CPU
		{5389824C-EEEC-40E0-AAF6-ACD6BED7FC1F}.Debug|Any CPU.Build.0 = Debug|Any CPU
		{5389824C-EEEC-40E0-AAF6-ACD6BED7FC1F}.Release|Any CPU.ActiveCfg = Release|Any CPU
		{5389824C-EEEC-40E0-AAF6-ACD6BED7FC1F}.Release|Any CPU.Build.0 = Release|Any CPU
	EndGlobalSection
EndGlobal
